
Microsoft Visual Studio Solution File, Format Version 12.00
# Visual Studio Version 17
VisualStudioVersion = 17.14.36811.4
MinimumVisualStudioVersion = 10.0.40219.1
Project("{FAE04EC0-301F-11D3-BF4B-00C04F79EFBC}") = "DVLD", "DVLD.csproj", "{366A3877-FC61-4040-B806-711C9CAD66F0}"
EndProject
Project("{FAE04EC0-301F-11D3-BF4B-00C04F79EFBC}") = "DataAccessLayer", "..\DataAccessLayer\DataAccessLayer.csproj", "{F545FDF8-A69E-4E01-BC63-3CE77014B17D}"
EndProject
Project("{FAE04EC0-301F-11D3-BF4B-00C04F79EFBC}") = "bussinessLayer", "..\bussness layer\bussinessLayer.csproj", "{716AE2F6-15FD-4D22-95CA-190FDB2EA613}"
EndProject
Global
	GlobalSection(SolutionConfigurationPlatforms) = preSolution
		Debug|Any CPU = Debug|Any CPU
		Release|Any CPU = Release|Any CPU
	EndGlobalSection
	GlobalSection(ProjectConfigurationPlatforms) = postSolution
		{366A3877-FC61-4040-B806-711C9CAD66F0}.Debug|Any CPU.ActiveCfg = Debug|Any CPU
		{366A3877-FC61-4040-B806-711C9CAD66F0}.Debug|Any CPU.Build.0 = Debug|Any CPU
		{366A3877-FC61-4040-B806-711C9CAD66F0}.Release|Any CPU.ActiveCfg = Release|Any CPU
		{366A3877-FC61-4040-B806-711C9CAD66F0}.Release|Any CPU.Build.0 = Release|Any CPU
		{F545FDF8-A69E-4E01-BC63-3CE77014B17D}.Debug|Any CPU.ActiveCfg = Debug|Any CPU
		{F545FDF8-A69E-4E01-BC63-3CE77014B17D}.Debug|Any CPU.Build.0 = Debug|Any CPU
		{F545FDF8-A69E-4E01-BC63-3CE77014B17D}.Release|Any CPU.ActiveCfg = Release|Any CPU
		{F545FDF8-A69E-4E01-BC63-3CE77014B17D}.Release|Any CPU.Build.0 = Release|Any CPU
		{716AE2F6-15FD-4D22-95CA-190FDB2EA613}.Debug|Any CPU.ActiveCfg = Debug|Any CPU
		{716AE2F6-15FD-4D22-95CA-190FDB2EA613}.Debug|Any CPU.Build.0 = Debug|Any CPU
		{716AE2F6-15FD-4D22-95CA-190FDB2EA613}.Release|Any CPU.ActiveCfg = Release|Any CPU
		{716AE2F6-15FD-4D22-95CA-190FDB2EA613}.Release|Any CPU.Build.0 = Release|Any CPU
	EndGlobalSection
	GlobalSection(SolutionProperties) = preSolution
		HideSolutionNode = FALSE
	EndGlobalSection
	GlobalSection(ExtensibilityGlobals) = postSolution
		SolutionGuid = {30F4C007-C046-45D4-AC91-959DA600F8B1}
	EndGlobalSection
EndGlobal
